// !$*UTF8*$!
{
	archiveVersion = 1;
	classes = {
	};
	objectVersion = 46;
	objects = {

/* Begin PBXBuildFile section */
		37FABDF91A8800200087ECDC /* AppDelegate.swift in Sources */ = {isa = PBXBuildFile; fileRef = 37FABDF81A8800200087ECDC /* AppDelegate.swift */; };
		37FABDFB1A8800200087ECDC /* ViewController.swift in Sources */ = {isa = PBXBuildFile; fileRef = 37FABDFA1A8800200087ECDC /* ViewController.swift */; };
		37FABDFE1A8800200087ECDC /* Main.storyboard in Resources */ = {isa = PBXBuildFile; fileRef = 37FABDFC1A8800200087ECDC /* Main.storyboard */; };
		37FABE001A8800200087ECDC /* Images.xcassets in Resources */ = {isa = PBXBuildFile; fileRef = 37FABDFF1A8800200087ECDC /* Images.xcassets */; };
		37FABE031A8800200087ECDC /* LaunchScreen.xib in Resources */ = {isa = PBXBuildFile; fileRef = 37FABE011A8800200087ECDC /* LaunchScreen.xib */; };
		37FABE0F1A8800200087ECDC /* Simple_Swift_CalculatorTests.swift in Sources */ = {isa = PBXBuildFile; fileRef = 37FABE0E1A8800200087ECDC /* Simple_Swift_CalculatorTests.swift */; };
/* End PBXBuildFile section */

/* Begin PBXContainerItemProxy section */
		37FABE091A8800200087ECDC /* PBXContainerItemProxy */ = {
			isa = PBXContainerItemProxy;
			containerPortal = 37FABDEB1A8800200087ECDC /* Project object */;
			proxyType = 1;
			remoteGlobalIDString = 37FABDF21A8800200087ECDC;
			remoteInfo = "Simple Swift Calculator";
		};
/* End PBXContainerItemProxy section */

/* Begin PBXFileReference section */
		37FABDF31A8800200087ECDC /* Simple Swift Calculator.app */ = {isa = PBXFileReference; explicitFileType = wrapper.application; includeInIndex = 0; path = "Simple Swift Calculator.app"; sourceTree = BUILT_PRODUCTS_DIR; };
		37FABDF71A8800200087ECDC /* Info.plist */ = {isa = PBXFileReference; lastKnownFileType = text.plist.xml; path = Info.plist; sourceTree = "<group>"; };
		37FABDF81A8800200087ECDC /* AppDelegate.swift */ = {isa = PBXFileReference; lastKnownFileType = sourcecode.swift; path = AppDelegate.swift; sourceTree = "<group>"; };
		37FABDFA1A8800200087ECDC /* ViewController.swift */ = {isa = PBXFileReference; lastKnownFileType = sourcecode.swift; path = ViewController.swift; sourceTree = "<group>"; };
		37FABDFD1A8800200087ECDC /* Base */ = {isa = PBXFileReference; lastKnownFileType = file.storyboard; name = Base; path = Base.lproj/Main.storyboard; sourceTree = "<group>"; };
		37FABDFF1A8800200087ECDC /* Images.xcassets */ = {isa = PBXFileReference; lastKnownFileType = folder.assetcatalog; path = Images.xcassets; sourceTree = "<group>"; };
		37FABE021A8800200087ECDC /* Base */ = {isa = PBXFileReference; lastKnownFileType = file.xib; name = Base; path = Base.lproj/LaunchScreen.xib; sourceTree = "<group>"; };
		37FABE081A8800200087ECDC /* Simple Swift CalculatorTests.xctest */ = {isa = PBXFileReference; explicitFileType = wrapper.cfbundle; includeInIndex = 0; path = "Simple Swift CalculatorTests.xctest"; sourceTree = BUILT_PRODUCTS_DIR; };
		37FABE0D1A8800200087ECDC /* Info.plist */ = {isa = PBXFileReference; lastKnownFileType = text.plist.xml; path = Info.plist; sourceTree = "<group>"; };
		37FABE0E1A8800200087ECDC /* Simple_Swift_CalculatorTests.swift */ = {isa = PBXFileReference; lastKnownFileType = sourcecode.swift; path = Simple_Swift_CalculatorTests.swift; sourceTree = "<group>"; };
/* End PBXFileReference section */

/* Begin PBXFrameworksBuildPhase section */
		37FABDF01A8800200087ECDC /* Frameworks */ = {
			isa = PBXFrameworksBuildPhase;
			buildActionMask = 2147483647;
			files = (
			);
			runOnlyForDeploymentPostprocessing = 0;
		};
		37FABE051A8800200087ECDC /* Frameworks */ = {
			isa = PBXFrameworksBuildPhase;
			buildActionMask = 2147483647;
			files = (
			);
			runOnlyForDeploymentPostprocessing = 0;
		};
/* End PBXFrameworksBuildPhase section */

/* Begin PBXGroup section */
		37FABDEA1A8800200087ECDC = {
			isa = PBXGroup;
			children = (
				37FABDF51A8800200087ECDC /* Simple Swift Calculator */,
				37FABE0B1A8800200087ECDC /* Simple Swift CalculatorTests */,
				37FABDF41A8800200087ECDC /* Products */,
			);
			sourceTree = "<group>";
		};
		37FABDF41A8800200087ECDC /* Products */ = {
			isa = PBXGroup;
			children = (
				37FABDF31A8800200087ECDC /* Simple Swift Calculator.app */,
				37FABE081A8800200087ECDC /* Simple Swift CalculatorTests.xctest */,
			);
			name = Products;
			sourceTree = "<group>";
		};
		37FABDF51A8800200087ECDC /* Simple Swift Calculator */ = {
			isa = PBXGroup;
			children = (
				37FABDF81A8800200087ECDC /* AppDelegate.swift */,
				37FABDFA1A8800200087ECDC /* ViewController.swift */,
				37FABDFC1A8800200087ECDC /* Main.storyboard */,
				37FABDFF1A8800200087ECDC /* Images.xcassets */,
				37FABE011A8800200087ECDC /* LaunchScreen.xib */,
				37FABDF61A8800200087ECDC /* Supporting Files */,
			);
			path = "Simple Swift Calculator";
			sourceTree = "<group>";
		};
		37FABDF61A8800200087ECDC /* Supporting Files */ = {
			isa = PBXGroup;
			children = (
				37FABDF71A8800200087ECDC /* Info.plist */,
			);
			name = "Supporting Files";
			sourceTree = "<group>";
		};
		37FABE0B1A8800200087ECDC /* Simple Swift CalculatorTests */ = {
			isa = PBXGroup;
			children = (
				37FABE0E1A8800200087ECDC /* Simple_Swift_CalculatorTests.swift */,
				37FABE0C1A8800200087ECDC /* Supporting Files */,
			);
			path = "Simple Swift CalculatorTests";
			sourceTree = "<group>";
		};
		37FABE0C1A8800200087ECDC /* Supporting Files */ = {
			isa = PBXGroup;
			children = (
				37FABE0D1A8800200087ECDC /* Info.plist */,
			);
			name = "Supporting Files";
			sourceTree = "<group>";
		};
/* End PBXGroup section */

/* Begin PBXNativeTarget section */
		37FABDF21A8800200087ECDC /* Simple Swift Calculator */ = {
			isa = PBXNativeTarget;
			buildConfigurationList = 37FABE121A8800200087ECDC /* Build configuration list for PBXNativeTarget "Simple Swift Calculator" */;
			buildPhases = (
				37FABDEF1A8800200087ECDC /* Sources */,
				37FABDF01A8800200087ECDC /* Frameworks */,
				37FABDF11A8800200087ECDC /* Resources */,
			);
			buildRules = (
			);
			dependencies = (
			);
			name = "Simple Swift Calculator";
			productName = "Simple Swift Calculator";
			productReference = 37FABDF31A8800200087ECDC /* Simple Swift Calculator.app */;
			productType = "com.apple.product-type.application";
		};
		37FABE071A8800200087ECDC /* Simple Swift CalculatorTests */ = {
			isa = PBXNativeTarget;
			buildConfigurationList = 37FABE151A8800200087ECDC /* Build configuration list for PBXNativeTarget "Simple Swift CalculatorTests" */;
			buildPhases = (
				37FABE041A8800200087ECDC /* Sources */,
				37FABE051A8800200087ECDC /* Frameworks */,
				37FABE061A8800200087ECDC /* Resources */,
			);
			buildRules = (
			);
			dependencies = (
				37FABE0A1A8800200087ECDC /* PBXTargetDependency */,
			);
			name = "Simple Swift CalculatorTests";
			productName = "Simple Swift CalculatorTests";
			productReference = 37FABE081A8800200087ECDC /* Simple Swift CalculatorTests.xctest */;
			productType = "com.apple.product-type.bundle.unit-test";
		};
/* End PBXNativeTarget section */

/* Begin PBXProject section */
		37FABDEB1A8800200087ECDC /* Project object */ = {
			isa = PBXProject;
			attributes = {
				LastUpgradeCheck = 0610;
				ORGANIZATIONNAME = Und1e;
				TargetAttributes = {
					37FABDF21A8800200087ECDC = {
						CreatedOnToolsVersion = 6.1.1;
					};
					37FABE071A8800200087ECDC = {
						CreatedOnToolsVersion = 6.1.1;
						TestTargetID = 37FABDF21A8800200087ECDC;
					};
				};
			};
			buildConfigurationList = 37FABDEE1A8800200087ECDC /* Build configuration list for PBXProject "Simple Swift Calculator" */;
			compatibilityVersion = "Xcode 3.2";
			developmentRegion = English;
			hasScannedForEncodings = 0;
			knownRegions = (
				en,
				Base,
			);
			mainGroup = 37FABDEA1A8800200087ECDC;
			productRefGroup = 37FABDF41A8800200087ECDC /* Products */;
			projectDirPath = "";
			projectRoot = "";
			targets = (
				37FABDF21A8800200087ECDC /* Simple Swift Calculator */,
				37FABE071A8800200087ECDC /* Simple Swift CalculatorTests */,
			);
		};
/* End PBXProject section */

/* Begin PBXResourcesBuildPhase section */
		37FABDF11A8800200087ECDC /* Resources */ = {
			isa = PBXResourcesBuildPhase;
			buildActionMask = 2147483647;
			files = (
				37FABDFE1A8800200087ECDC /* Main.storyboard in Resources */,
				37FABE031A8800200087ECDC /* LaunchScreen.xib in Resources */,
				37FABE001A8800200087ECDC /* Images.xcassets in Resources */,
			);
			runOnlyForDeploymentPostprocessing = 0;
		};
		37FABE061A8800200087ECDC /* Resources */ = {
			isa = PBXResourcesBuildPhase;
			buildActionMask = 2147483647;
			files = (
			);
			runOnlyForDeploymentPostprocessing = 0;
		};
/* End PBXResourcesBuildPhase section */

/* Begin PBXSourcesBuildPhase section */
		37FABDEF1A8800200087ECDC /* Sources */ = {
			isa = PBXSourcesBuildPhase;
			buildActionMask = 2147483647;
			files = (
				37FABDFB1A8800200087ECDC /* ViewController.swift in Sources */,
				37FABDF91A8800200087ECDC /* AppDelegate.swift in Sources */,
			);
			runOnlyForDeploymentPostprocessing = 0;
		};
		37FABE041A8800200087ECDC /* Sources */ = {
			isa = PBXSourcesBuildPhase;
			buildActionMask = 2147483647;
			files = (
				37FABE0F1A8800200087ECDC /* Simple_Swift_CalculatorTests.swift in Sources */,
			);
			runOnlyForDeploymentPostprocessing = 0;
		};
/* End PBXSourcesBuildPhase section */

/* Begin PBXTargetDependency section */
		37FABE0A1A8800200087ECDC /* PBXTargetDependency */ = {
			isa = PBXTargetDependency;
			target = 37FABDF21A8800200087ECDC /* Simple Swift Calculator */;
			targetProxy = 37FABE091A8800200087ECDC /* PBXContainerItemProxy */;
		};
/* End PBXTargetDependency section */

/* Begin PBXVariantGroup section */
		37FABDFC1A8800200087ECDC /* Main.storyboard */ = {
			isa = PBXVariantGroup;
			children = (
				37FABDFD1A8800200087ECDC /* Base */,
			);
			name = Main.storyboard;
			sourceTree = "<group>";
		};
		37FABE011A8800200087ECDC /* LaunchScreen.xib */ = {
			isa = PBXVariantGroup;
			children = (
				37FABE021A8800200087ECDC /* Base */,
			);
			name = LaunchScreen.xib;
			sourceTree = "<group>";
		};
/* End PBXVariantGroup section */

/* Begin XCBuildConfiguration section */
		37FABE101A8800200087ECDC /* Debug */ = {
			isa = XCBuildConfiguration;
			buildSettings = {
				ALWAYS_SEARCH_USER_PATHS = NO;
				CLANG_CXX_LANGUAGE_STANDARD = "gnu++0x";
				CLANG_CXX_LIBRARY = "libc++";
				CLANG_ENABLE_MODULES = YES;
				CLANG_ENABLE_OBJC_ARC = YES;
				CLANG_WARN_BOOL_CONVERSION = YES;
				CLANG_WARN_CONSTANT_CONVERSION = YES;
				CLANG_WARN_DIRECT_OBJC_ISA_USAGE = YES_ERROR;
				CLANG_WARN_EMPTY_BODY = YES;
				CLANG_WARN_ENUM_CONVERSION = YES;
				CLANG_WARN_INT_CONVERSION = YES;
				CLANG_WARN_OBJC_ROOT_CLASS = YES_ERROR;
				CLANG_WARN_UNREACHABLE_CODE = YES;
				CLANG_WARN__DUPLICATE_METHOD_MATCH = YES;
				"CODE_SIGN_IDENTITY[sdk=iphoneos*]" = "iPhone Developer";
				COPY_PHASE_STRIP = NO;
				ENABLE_STRICT_OBJC_MSGSEND = YES;
				GCC_C_LANGUAGE_STANDARD = gnu99;
				GCC_DYNAMIC_NO_PIC = NO;
				GCC_OPTIMIZATION_LEVEL = 0;
				GCC_PREPROCESSOR_DEFINITIONS = (
					"DEBUG=1",
					"$(inherited)",
				);
				GCC_SYMBOLS_PRIVATE_EXTERN = NO;
				GCC_WARN_64_TO_32_BIT_CONVERSION = YES;
				GCC_WARN_ABOUT_RETURN_TYPE = YES_ERROR;
				GCC_WARN_UNDECLARED_SELECTOR = YES;
				GCC_WARN_UNINITIALIZED_AUTOS = YES_AGGRESSIVE;
				GCC_WARN_UNUSED_FUNCTION = YES;
				GCC_WARN_UNUSED_VARIABLE = YES;
				IPHONEOS_DEPLOYMENT_TARGET = 8.1;
				MTL_ENABLE_DEBUG_INFO = YES;
				ONLY_ACTIVE_ARCH = YES;
				SDKROOT = iphoneos;
				SWIFT_OPTIMIZATION_LEVEL = "-Onone";
			};
			name = Debug;
		};
		37FABE111A8800200087ECDC /* Release */ = {
			isa = XCBuildConfiguration;
			buildSettings = {
				ALWAYS_SEARCH_USER_PATHS = NO;
				CLANG_CXX_LANGUAGE_STANDARD = "gnu++0x";
				CLANG_CXX_LIBRARY = "libc++";
				CLANG_ENABLE_MODULES = YES;
				CLANG_ENABLE_OBJC_ARC = YES;
				CLANG_WARN_BOOL_CONVERSION = YES;
				CLANG_WARN_CONSTANT_CONVERSION = YES;
				CLANG_WARN_DIRECT_OBJC_ISA_USAGE = YES_ERROR;
				CLANG_WARN_EMPTY_BODY = YES;
				CLANG_WARN_ENUM_CONVERSION = YES;
				CLANG_WARN_INT_CONVERSION = YES;
				CLANG_WARN_OBJC_ROOT_CLASS = YES_ERROR;
				CLANG_WARN_UNREACHABLE_CODE = YES;
				CLANG_WARN__DUPLICATE_METHOD_MATCH = YES;
				"CODE_SIGN_IDENTITY[sdk=iphoneos*]" = "iPhone Developer";
				COPY_PHASE_STRIP = YES;
				ENABLE_NS_ASSERTIONS = NO;
				ENABLE_STRICT_OBJC_MSGSEND = YES;
				GCC_C_LANGUAGE_STANDARD = gnu99;
				GCC_WARN_64_TO_32_BIT_CONVERSION = YES;
				GCC_WARN_ABOUT_RETURN_TYPE = YES_ERROR;
				GCC_WARN_UNDECLARED_SELECTOR = YES;
				GCC_WARN_UNINITIALIZED_AUTOS = YES_AGGRESSIVE;
				GCC_WARN_UNUSED_FUNCTION = YES;
				GCC_WARN_UNUSED_VARIABLE = YES;
				IPHONEOS_DEPLOYMENT_TARGET = 8.1;
				MTL_ENABLE_DEBUG_INFO = NO;
				SDKROOT = iphoneos;
				VALIDATE_PRODUCT = YES;
			};
			name = Release;
		};
		37FABE131A8800200087ECDC /* Debug */ = {
			isa = XCBuildConfiguration;
			buildSettings = {
				ASSETCATALOG_COMPILER_APPICON_NAME = AppIcon;
				INFOPLIST_FILE = "Simple Swift Calculator/Info.plist";
				LD_RUNPATH_SEARCH_PATHS = "$(inherited) @executable_path/Frameworks";
				PRODUCT_NAME = "$(TARGET_NAME)";
			};
			name = Debug;
		};
		37FABE141A8800200087ECDC /* Release */ = {
			isa = XCBuildConfiguration;
			buildSettings = {
				ASSETCATALOG_COMPILER_APPICON_NAME = AppIcon;
				INFOPLIST_FILE = "Simple Swift Calculator/Info.plist";
				LD_RUNPATH_SEARCH_PATHS = "$(inherited) @executable_path/Frameworks";
				PRODUCT_NAME = "$(TARGET_NAME)";
			};
			name = Release;
		};
		37FABE161A8800200087ECDC /* Debug */ = {
			isa = XCBuildConfiguration;
			buildSettings = {
				BUNDLE_LOADER = "$(TEST_HOST)";
				FRAMEWORK_SEARCH_PATHS = (
					"$(SDKROOT)/Developer/Library/Frameworks",
					"$(inherited)",
				);
				GCC_PREPROCESSOR_DEFINITIONS = (
					"DEBUG=1",
					"$(inherited)",
				);
				INFOPLIST_FILE = "Simple Swift CalculatorTests/Info.plist";
				LD_RUNPATH_SEARCH_PATHS = "$(inherited) @executable_path/Frameworks @loader_path/Frameworks";
				PRODUCT_NAME = "$(TARGET_NAME)";
				TEST_HOST = "$(BUILT_PRODUCTS_DIR)/Simple Swift Calculator.app/Simple Swift Calculator";
			};
			name = Debug;
		};
		37FABE171A8800200087ECDC /* Release */ = {
			isa = XCBuildConfiguration;
			buildSettings = {
				BUNDLE_LOADER = "$(TEST_HOST)";
				FRAMEWORK_SEARCH_PATHS = (
					"$(SDKROOT)/Developer/Library/Frameworks",
					"$(inherited)",
				);
				INFOPLIST_FILE = "Simple Swift CalculatorTests/Info.plist";
				LD_RUNPATH_SEARCH_PATHS = "$(inherited) @executable_path/Frameworks @loader_path/Frameworks";
				PRODUCT_NAME = "$(TARGET_NAME)";
				TEST_HOST = "$(BUILT_PRODUCTS_DIR)/Simple Swift Calculator.app/Simple Swift Calculator";
			};
			name = Release;
		};
/* End XCBuildConfiguration section */

/* Begin XCConfigurationList section */
		37FABDEE1A8800200087ECDC /* Build configuration list for PBXProject "Simple Swift Calculator" */ = {
			isa = XCConfigurationList;
			buildConfigurations = (
				37FABE101A8800200087ECDC /* Debug */,
				37FABE111A8800200087ECDC /* Release */,
			);
			defaultConfigurationIsVisible = 0;
			defaultConfigurationName = Release;
		};
		37FABE121A8800200087ECDC /* Build configuration list for PBXNativeTarget "Simple Swift Calculator" */ = {
			isa = XCConfigurationList;
			buildConfigurations = (
				37FABE131A8800200087ECDC /* Debug */,
				37FABE141A8800200087ECDC /* Release */,
			);
			defaultConfigurationIsVisible = 0;
		};
		37FABE151A8800200087ECDC /* Build configuration list for PBXNativeTarget "Simple Swift CalculatorTests" */ = {
			isa = XCConfigurationList;
			buildConfigurations = (
				37FABE161A8800200087ECDC /* Debug */,
				37FABE171A8800200087ECDC /* Release */,
			);
			defaultConfigurationIsVisible = 0;
		};
/* End XCConfigurationList section */
	};
	rootObject = 37FABDEB1A8800200087ECDC /* Project object */;
}
